{
	"name": "mrjawesome-slash-commands-ts",
	"version": "1.0.0",
	"lockfileVersion": 3,
	"requires": true,
	"packages": {
		"": {
			"name": "mrjawesome-slash-commands-ts",
			"version": "1.0.0",
			"dependencies": {
				"discord.js": "^14.16.3",
				"robo.js": "^0.10.29"
			},
			"devDependencies": {
				"@swc/core": "^1.7.39",
				"@types/node": "^22.7.8",
				"typescript": "^5.6.3"
			}
		},
		"node_modules/@discordjs/builders": {
			"version": "1.9.0",
			"resolved": "https://registry.npmjs.org/@discordjs/builders/-/builders-1.9.0.tgz",
			"integrity": "sha512-0zx8DePNVvQibh5ly5kCEei5wtPBIUbSoE9n+91Rlladz4tgtFbJ36PZMxxZrTEOQ7AHMZ/b0crT/0fCy6FTKg==",
			"license": "Apache-2.0",
			"dependencies": {
				"@discordjs/formatters": "^0.5.0",
				"@discordjs/util": "^1.1.1",
				"@sapphire/shapeshift": "^4.0.0",
				"discord-api-types": "0.37.97",
				"fast-deep-equal": "^3.1.3",
				"ts-mixer": "^6.0.4",
				"tslib": "^2.6.3"
			},
			"engines": {
				"node": ">=18"
			},
			"funding": {
				"url": "https://github.com/discordjs/discord.js?sponsor"
			}
		},
		"node_modules/@discordjs/builders/node_modules/discord-api-types": {
			"version": "0.37.97",
			"resolved": "https://registry.npmjs.org/discord-api-types/-/discord-api-types-0.37.97.tgz",
			"integrity": "sha512-No1BXPcVkyVD4ZVmbNgDKaBoqgeQ+FJpzZ8wqHkfmBnTZig1FcH3iPPersiK1TUIAzgClh2IvOuVUYfcWLQAOA==",
			"license": "MIT"
		},
		"node_modules/@discordjs/collection": {
			"version": "1.5.3",
			"resolved": "https://registry.npmjs.org/@discordjs/collection/-/collection-1.5.3.tgz",
			"integrity": "sha512-SVb428OMd3WO1paV3rm6tSjM4wC+Kecaa1EUGX7vc6/fddvw/6lg90z4QtCqm21zvVe92vMMDt9+DkIvjXImQQ==",
			"license": "Apache-2.0",
			"engines": {
				"node": ">=16.11.0"
			}
		},
		"node_modules/@discordjs/formatters": {
			"version": "0.5.0",
			"resolved": "https://registry.npmjs.org/@discordjs/formatters/-/formatters-0.5.0.tgz",
			"integrity": "sha512-98b3i+Y19RFq1Xke4NkVY46x8KjJQjldHUuEbCqMvp1F5Iq9HgnGpu91jOi/Ufazhty32eRsKnnzS8n4c+L93g==",
			"license": "Apache-2.0",
			"dependencies": {
				"discord-api-types": "0.37.97"
			},
			"engines": {
				"node": ">=18"
			},
			"funding": {
				"url": "https://github.com/discordjs/discord.js?sponsor"
			}
		},
		"node_modules/@discordjs/formatters/node_modules/discord-api-types": {
			"version": "0.37.97",
			"resolved": "https://registry.npmjs.org/discord-api-types/-/discord-api-types-0.37.97.tgz",
			"integrity": "sha512-No1BXPcVkyVD4ZVmbNgDKaBoqgeQ+FJpzZ8wqHkfmBnTZig1FcH3iPPersiK1TUIAzgClh2IvOuVUYfcWLQAOA==",
			"license": "MIT"
		},
		"node_modules/@discordjs/rest": {
			"version": "2.4.0",
			"resolved": "https://registry.npmjs.org/@discordjs/rest/-/rest-2.4.0.tgz",
			"integrity": "sha512-Xb2irDqNcq+O8F0/k/NaDp7+t091p+acb51iA4bCKfIn+WFWd6HrNvcsSbMMxIR9NjcMZS6NReTKygqiQN+ntw==",
			"license": "Apache-2.0",
			"dependencies": {
				"@discordjs/collection": "^2.1.1",
				"@discordjs/util": "^1.1.1",
				"@sapphire/async-queue": "^1.5.3",
				"@sapphire/snowflake": "^3.5.3",
				"@vladfrangu/async_event_emitter": "^2.4.6",
				"discord-api-types": "0.37.97",
				"magic-bytes.js": "^1.10.0",
				"tslib": "^2.6.3",
				"undici": "6.19.8"
			},
			"engines": {
				"node": ">=18"
			},
			"funding": {
				"url": "https://github.com/discordjs/discord.js?sponsor"
			}
		},
		"node_modules/@discordjs/rest/node_modules/@discordjs/collection": {
			"version": "2.1.1",
			"resolved": "https://registry.npmjs.org/@discordjs/collection/-/collection-2.1.1.tgz",
			"integrity": "sha512-LiSusze9Tc7qF03sLCujF5iZp7K+vRNEDBZ86FT9aQAv3vxMLihUvKvpsCWiQ2DJq1tVckopKm1rxomgNUc9hg==",
			"license": "Apache-2.0",
			"engines": {
				"node": ">=18"
			},
			"funding": {
				"url": "https://github.com/discordjs/discord.js?sponsor"
			}
		},
		"node_modules/@discordjs/rest/node_modules/discord-api-types": {
			"version": "0.37.97",
			"resolved": "https://registry.npmjs.org/discord-api-types/-/discord-api-types-0.37.97.tgz",
			"integrity": "sha512-No1BXPcVkyVD4ZVmbNgDKaBoqgeQ+FJpzZ8wqHkfmBnTZig1FcH3iPPersiK1TUIAzgClh2IvOuVUYfcWLQAOA==",
			"license": "MIT"
		},
		"node_modules/@discordjs/util": {
			"version": "1.1.1",
			"resolved": "https://registry.npmjs.org/@discordjs/util/-/util-1.1.1.tgz",
			"integrity": "sha512-eddz6UnOBEB1oITPinyrB2Pttej49M9FZQY8NxgEvc3tq6ZICZ19m70RsmzRdDHk80O9NoYN/25AqJl8vPVf/g==",
			"license": "Apache-2.0",
			"engines": {
				"node": ">=18"
			},
			"funding": {
				"url": "https://github.com/discordjs/discord.js?sponsor"
			}
		},
		"node_modules/@discordjs/ws": {
			"version": "1.1.1",
			"resolved": "https://registry.npmjs.org/@discordjs/ws/-/ws-1.1.1.tgz",
			"integrity": "sha512-PZ+vLpxGCRtmr2RMkqh8Zp+BenUaJqlS6xhgWKEZcgC/vfHLEzpHtKkB0sl3nZWpwtcKk6YWy+pU3okL2I97FA==",
			"license": "Apache-2.0",
			"dependencies": {
				"@discordjs/collection": "^2.1.0",
				"@discordjs/rest": "^2.3.0",
				"@discordjs/util": "^1.1.0",
				"@sapphire/async-queue": "^1.5.2",
				"@types/ws": "^8.5.10",
				"@vladfrangu/async_event_emitter": "^2.2.4",
				"discord-api-types": "0.37.83",
				"tslib": "^2.6.2",
				"ws": "^8.16.0"
			},
			"engines": {
				"node": ">=16.11.0"
			},
			"funding": {
				"url": "https://github.com/discordjs/discord.js?sponsor"
			}
		},
		"node_modules/@discordjs/ws/node_modules/@discordjs/collection": {
			"version": "2.1.1",
			"resolved": "https://registry.npmjs.org/@discordjs/collection/-/collection-2.1.1.tgz",
			"integrity": "sha512-LiSusze9Tc7qF03sLCujF5iZp7K+vRNEDBZ86FT9aQAv3vxMLihUvKvpsCWiQ2DJq1tVckopKm1rxomgNUc9hg==",
			"license": "Apache-2.0",
			"engines": {
				"node": ">=18"
			},
			"funding": {
				"url": "https://github.com/discordjs/discord.js?sponsor"
			}
		},
		"node_modules/@discordjs/ws/node_modules/discord-api-types": {
			"version": "0.37.83",
			"resolved": "https://registry.npmjs.org/discord-api-types/-/discord-api-types-0.37.83.tgz",
			"integrity": "sha512-urGGYeWtWNYMKnYlZnOnDHm8fVRffQs3U0SpE8RHeiuLKb/u92APS8HoQnPTFbnXmY1vVnXjXO4dOxcAn3J+DA==",
			"license": "MIT"
		},
		"node_modules/@sapphire/async-queue": {
			"version": "1.5.3",
			"resolved": "https://registry.npmjs.org/@sapphire/async-queue/-/async-queue-1.5.3.tgz",
			"integrity": "sha512-x7zadcfJGxFka1Q3f8gCts1F0xMwCKbZweM85xECGI0hBTeIZJGGCrHgLggihBoprlQ/hBmDR5LKfIPqnmHM3w==",
			"license": "MIT",
			"engines": {
				"node": ">=v14.0.0",
				"npm": ">=7.0.0"
			}
		},
		"node_modules/@sapphire/shapeshift": {
			"version": "4.0.0",
			"resolved": "https://registry.npmjs.org/@sapphire/shapeshift/-/shapeshift-4.0.0.tgz",
			"integrity": "sha512-d9dUmWVA7MMiKobL3VpLF8P2aeanRTu6ypG2OIaEv/ZHH/SUQ2iHOVyi5wAPjQ+HmnMuL0whK9ez8I/raWbtIg==",
			"license": "MIT",
			"dependencies": {
				"fast-deep-equal": "^3.1.3",
				"lodash": "^4.17.21"
			},
			"engines": {
				"node": ">=v16"
			}
		},
		"node_modules/@sapphire/snowflake": {
			"version": "3.5.3",
			"resolved": "https://registry.npmjs.org/@sapphire/snowflake/-/snowflake-3.5.3.tgz",
			"integrity": "sha512-jjmJywLAFoWeBi1W7994zZyiNWPIiqRRNAmSERxyg93xRGzNYvGjlZ0gR6x0F4gPRi2+0O6S71kOZYyr3cxaIQ==",
			"license": "MIT",
			"engines": {
				"node": ">=v14.0.0",
				"npm": ">=7.0.0"
			}
		},
		"node_modules/@swc/core": {
			"version": "1.7.39",
			"resolved": "https://registry.npmjs.org/@swc/core/-/core-1.7.39.tgz",
			"integrity": "sha512-jns6VFeOT49uoTKLWIEfiQqJAlyqldNAt80kAr8f7a5YjX0zgnG3RBiLMpksx4Ka4SlK4O6TJ/lumIM3Trp82g==",
			"devOptional": true,
			"hasInstallScript": true,
			"license": "Apache-2.0",
			"dependencies": {
				"@swc/counter": "^0.1.3",
				"@swc/types": "^0.1.13"
			},
			"engines": {
				"node": ">=10"
			},
			"funding": {
				"type": "opencollective",
				"url": "https://opencollective.com/swc"
			},
			"optionalDependencies": {
				"@swc/core-darwin-arm64": "1.7.39",
				"@swc/core-darwin-x64": "1.7.39",
				"@swc/core-linux-arm-gnueabihf": "1.7.39",
				"@swc/core-linux-arm64-gnu": "1.7.39",
				"@swc/core-linux-arm64-musl": "1.7.39",
				"@swc/core-linux-x64-gnu": "1.7.39",
				"@swc/core-linux-x64-musl": "1.7.39",
				"@swc/core-win32-arm64-msvc": "1.7.39",
				"@swc/core-win32-ia32-msvc": "1.7.39",
				"@swc/core-win32-x64-msvc": "1.7.39"
			},
			"peerDependencies": {
				"@swc/helpers": "*"
			},
			"peerDependenciesMeta": {
				"@swc/helpers": {
					"optional": true
				}
			}
		},
		"node_modules/@swc/core-darwin-arm64": {
			"version": "1.7.39",
			"resolved": "https://registry.npmjs.org/@swc/core-darwin-arm64/-/core-darwin-arm64-1.7.39.tgz",
			"integrity": "sha512-o2nbEL6scMBMCTvY9OnbyVXtepLuNbdblV9oNJEFia5v5eGj9WMrnRQiylH3Wp/G2NYkW7V1/ZVW+kfvIeYe9A==",
			"cpu": [
				"arm64"
			],
			"dev": true,
			"license": "Apache-2.0 AND MIT",
			"optional": true,
			"os": [
				"darwin"
			],
			"engines": {
				"node": ">=10"
			}
		},
		"node_modules/@swc/core-darwin-x64": {
			"version": "1.7.39",
			"resolved": "https://registry.npmjs.org/@swc/core-darwin-x64/-/core-darwin-x64-1.7.39.tgz",
			"integrity": "sha512-qMlv3XPgtPi/Fe11VhiPDHSLiYYk2dFYl747oGsHZPq+6tIdDQjIhijXPcsUHIXYDyG7lNpODPL8cP/X1sc9MA==",
			"cpu": [
				"x64"
			],
			"dev": true,
			"license": "Apache-2.0 AND MIT",
			"optional": true,
			"os": [
				"darwin"
			],
			"engines": {
				"node": ">=10"
			}
		},
		"node_modules/@swc/core-linux-arm-gnueabihf": {
			"version": "1.7.39",
			"resolved": "https://registry.npmjs.org/@swc/core-linux-arm-gnueabihf/-/core-linux-arm-gnueabihf-1.7.39.tgz",
			"integrity": "sha512-NP+JIkBs1ZKnpa3Lk2W1kBJMwHfNOxCUJXuTa2ckjFsuZ8OUu2gwdeLFkTHbR43dxGwH5UzSmuGocXeMowra/Q==",
			"cpu": [
				"arm"
			],
			"dev": true,
			"license": "Apache-2.0",
			"optional": true,
			"os": [
				"linux"
			],
			"engines": {
				"node": ">=10"
			}
		},
		"node_modules/@swc/core-linux-arm64-gnu": {
			"version": "1.7.39",
			"resolved": "https://registry.npmjs.org/@swc/core-linux-arm64-gnu/-/core-linux-arm64-gnu-1.7.39.tgz",
			"integrity": "sha512-cPc+/HehyHyHcvAsk3ML/9wYcpWVIWax3YBaA+ScecJpSE04l/oBHPfdqKUPslqZ+Gcw0OWnIBGJT/fBZW2ayw==",
			"cpu": [
				"arm64"
			],
			"dev": true,
			"license": "Apache-2.0 AND MIT",
			"optional": true,
			"os": [
				"linux"
			],
			"engines": {
				"node": ">=10"
			}
		},
		"node_modules/@swc/core-linux-arm64-musl": {
			"version": "1.7.39",
			"resolved": "https://registry.npmjs.org/@swc/core-linux-arm64-musl/-/core-linux-arm64-musl-1.7.39.tgz",
			"integrity": "sha512-8RxgBC6ubFem66bk9XJ0vclu3exJ6eD7x7CwDhp5AD/tulZslTYXM7oNPjEtje3xxabXuj/bEUMNvHZhQRFdqA==",
			"cpu": [
				"arm64"
			],
			"dev": true,
			"license": "Apache-2.0 AND MIT",
			"optional": true,
			"os": [
				"linux"
			],
			"engines": {
				"node": ">=10"
			}
		},
		"node_modules/@swc/core-linux-x64-gnu": {
			"version": "1.7.39",
			"resolved": "https://registry.npmjs.org/@swc/core-linux-x64-gnu/-/core-linux-x64-gnu-1.7.39.tgz",
			"integrity": "sha512-3gtCPEJuXLQEolo9xsXtuPDocmXQx12vewEyFFSMSjOfakuPOBmOQMa0sVL8Wwius8C1eZVeD1fgk0omMqeC+Q==",
			"cpu": [
				"x64"
			],
			"dev": true,
			"license": "Apache-2.0 AND MIT",
			"optional": true,
			"os": [
				"linux"
			],
			"engines": {
				"node": ">=10"
			}
		},
		"node_modules/@swc/core-linux-x64-musl": {
			"version": "1.7.39",
			"resolved": "https://registry.npmjs.org/@swc/core-linux-x64-musl/-/core-linux-x64-musl-1.7.39.tgz",
			"integrity": "sha512-mg39pW5x/eqqpZDdtjZJxrUvQNSvJF4O8wCl37fbuFUqOtXs4TxsjZ0aolt876HXxxhsQl7rS+N4KioEMSgTZw==",
			"cpu": [
				"x64"
			],
			"dev": true,
			"license": "Apache-2.0 AND MIT",
			"optional": true,
			"os": [
				"linux"
			],
			"engines": {
				"node": ">=10"
			}
		},
		"node_modules/@swc/core-win32-arm64-msvc": {
			"version": "1.7.39",
			"resolved": "https://registry.npmjs.org/@swc/core-win32-arm64-msvc/-/core-win32-arm64-msvc-1.7.39.tgz",
			"integrity": "sha512-NZwuS0mNJowH3e9bMttr7B1fB8bW5svW/yyySigv9qmV5VcQRNz1kMlCvrCLYRsa93JnARuiaBI6FazSeG8mpA==",
			"cpu": [
				"arm64"
			],
			"dev": true,
			"license": "Apache-2.0 AND MIT",
			"optional": true,
			"os": [
				"win32"
			],
			"engines": {
				"node": ">=10"
			}
		},
		"node_modules/@swc/core-win32-ia32-msvc": {
			"version": "1.7.39",
			"resolved": "https://registry.npmjs.org/@swc/core-win32-ia32-msvc/-/core-win32-ia32-msvc-1.7.39.tgz",
			"integrity": "sha512-qFmvv5UExbJPXhhvCVDBnjK5Duqxr048dlVB6ZCgGzbRxuarOlawCzzLK4N172230pzlAWGLgn9CWl3+N6zfHA==",
			"cpu": [
				"ia32"
			],
			"dev": true,
			"license": "Apache-2.0 AND MIT",
			"optional": true,
			"os": [
				"win32"
			],
			"engines": {
				"node": ">=10"
			}
		},
		"node_modules/@swc/core-win32-x64-msvc": {
			"version": "1.7.39",
			"resolved": "https://registry.npmjs.org/@swc/core-win32-x64-msvc/-/core-win32-x64-msvc-1.7.39.tgz",
			"integrity": "sha512-o+5IMqgOtj9+BEOp16atTfBgCogVak9svhBpwsbcJQp67bQbxGYhAPPDW/hZ2rpSSF7UdzbY9wudoX9G4trcuQ==",
			"cpu": [
				"x64"
			],
			"dev": true,
			"license": "Apache-2.0 AND MIT",
			"optional": true,
			"os": [
				"win32"
			],
			"engines": {
				"node": ">=10"
			}
		},
		"node_modules/@swc/counter": {
			"version": "0.1.3",
			"resolved": "https://registry.npmjs.org/@swc/counter/-/counter-0.1.3.tgz",
			"integrity": "sha512-e2BR4lsJkkRlKZ/qCHPw9ZaSxc0MVUd7gtbtaB7aMvHeJVYe8sOB8DBZkP2DtISHGSku9sCK6T6cnY0CtXrOCQ==",
			"devOptional": true,
			"license": "Apache-2.0"
		},
		"node_modules/@swc/types": {
			"version": "0.1.13",
			"resolved": "https://registry.npmjs.org/@swc/types/-/types-0.1.13.tgz",
			"integrity": "sha512-JL7eeCk6zWCbiYQg2xQSdLXQJl8Qoc9rXmG2cEKvHe3CKwMHwHGpfOb8frzNLmbycOo6I51qxnLnn9ESf4I20Q==",
			"devOptional": true,
			"license": "Apache-2.0",
			"dependencies": {
				"@swc/counter": "^0.1.3"
			}
		},
		"node_modules/@types/node": {
			"version": "22.7.8",
			"resolved": "https://registry.npmjs.org/@types/node/-/node-22.7.8.tgz",
			"integrity": "sha512-a922jJy31vqR5sk+kAdIENJjHblqcZ4RmERviFsER4WJcEONqxKcjNOlk0q7OUfrF5sddT+vng070cdfMlrPLg==",
			"license": "MIT",
			"dependencies": {
				"undici-types": "~6.19.2"
			}
		},
		"node_modules/@types/ws": {
			"version": "8.5.12",
			"resolved": "https://registry.npmjs.org/@types/ws/-/ws-8.5.12.tgz",
			"integrity": "sha512-3tPRkv1EtkDpzlgyKyI8pGsGZAGPEaXeu0DOj5DI25Ja91bdAYddYHbADRYVrZMRbfW+1l5YwXVDKohDJNQxkQ==",
			"license": "MIT",
			"dependencies": {
				"@types/node": "*"
			}
		},
		"node_modules/@vladfrangu/async_event_emitter": {
			"version": "2.4.6",
			"resolved": "https://registry.npmjs.org/@vladfrangu/async_event_emitter/-/async_event_emitter-2.4.6.tgz",
			"integrity": "sha512-RaI5qZo6D2CVS6sTHFKg1v5Ohq/+Bo2LZ5gzUEwZ/WkHhwtGTCB/sVLw8ijOkAUxasZ+WshN/Rzj4ywsABJ5ZA==",
			"license": "MIT",
			"engines": {
				"node": ">=v14.0.0",
				"npm": ">=7.0.0"
			}
		},
		"node_modules/discord-api-types": {
			"version": "0.37.100",
			"resolved": "https://registry.npmjs.org/discord-api-types/-/discord-api-types-0.37.100.tgz",
			"integrity": "sha512-a8zvUI0GYYwDtScfRd/TtaNBDTXwP5DiDVX7K5OmE+DRT57gBqKnwtOC5Ol8z0mRW8KQfETIgiB8U0YZ9NXiCA==",
			"license": "MIT"
		},
		"node_modules/discord.js": {
			"version": "14.16.3",
			"resolved": "https://registry.npmjs.org/discord.js/-/discord.js-14.16.3.tgz",
			"integrity": "sha512-EPCWE9OkA9DnFFNrO7Kl1WHHDYFXu3CNVFJg63bfU7hVtjZGyhShwZtSBImINQRWxWP2tgo2XI+QhdXx28r0aA==",
			"license": "Apache-2.0",
			"dependencies": {
				"@discordjs/builders": "^1.9.0",
				"@discordjs/collection": "1.5.3",
				"@discordjs/formatters": "^0.5.0",
				"@discordjs/rest": "^2.4.0",
				"@discordjs/util": "^1.1.1",
				"@discordjs/ws": "1.1.1",
				"@sapphire/snowflake": "3.5.3",
				"discord-api-types": "0.37.100",
				"fast-deep-equal": "3.1.3",
				"lodash.snakecase": "4.1.1",
				"tslib": "^2.6.3",
				"undici": "6.19.8"
			},
			"engines": {
				"node": ">=18"
			},
			"funding": {
				"url": "https://github.com/discordjs/discord.js?sponsor"
			}
		},
		"node_modules/fast-deep-equal": {
			"version": "3.1.3",
			"resolved": "https://registry.npmjs.org/fast-deep-equal/-/fast-deep-equal-3.1.3.tgz",
			"integrity": "sha512-f3qQ9oQy9j2AhBe/H9VC91wLmKBCCU/gDOnKNAYG5hswO7BLKj09Hc5HYNz9cGI++xlpDCIgDaitVs03ATR84Q==",
			"license": "MIT"
		},
		"node_modules/lodash": {
			"version": "4.17.21",
			"resolved": "https://registry.npmjs.org/lodash/-/lodash-4.17.21.tgz",
			"integrity": "sha512-v2kDEe57lecTulaDIuNTPy3Ry4gLGJ6Z1O3vE1krgXZNrsQ+LFTGHVxVjcXPs17LhbZVGedAJv8XZ1tvj5FvSg==",
			"license": "MIT"
		},
		"node_modules/lodash.snakecase": {
			"version": "4.1.1",
			"resolved": "https://registry.npmjs.org/lodash.snakecase/-/lodash.snakecase-4.1.1.tgz",
			"integrity": "sha512-QZ1d4xoBHYUeuouhEq3lk3Uq7ldgyFXGBhg04+oRLnIz8o9T65Eh+8YdroUwn846zchkA9yDsDl5CVVaV2nqYw==",
			"license": "MIT"
		},
		"node_modules/magic-bytes.js": {
			"version": "1.10.0",
			"resolved": "https://registry.npmjs.org/magic-bytes.js/-/magic-bytes.js-1.10.0.tgz",
			"integrity": "sha512-/k20Lg2q8LE5xiaaSkMXk4sfvI+9EGEykFS4b0CHHGWqDYU0bGUFSwchNOMA56D7TCs9GwVTkqe9als1/ns8UQ==",
			"license": "MIT"
		},
		"node_modules/robo.js": {
			"version": "0.10.29",
			"resolved": "https://registry.npmjs.org/robo.js/-/robo.js-0.10.29.tgz",
			"integrity": "sha512-A/3uSM9NqdXrCUa8xjmg8tFiFgHwn3YCE3MF2mjINDz+GXGIepbxRBVSOerRvCJ7ntS2x91Gi1SED8CFa6se2w==",
			"license": "MIT",
			"bin": {
				"robo": "dist/cli/index.js",
				"robox": "dist/cli/robox.js",
				"sage": "dist/cli/sage.js"
			},
			"engines": {
				"node": ">=18.0.0"
			},
			"peerDependencies": {
				"@swc/core": "^1.3.41",
				"discord.js": "^14.0.0",
				"keyv": "^4.5.2",
				"typescript": "^5.0.0",
				"vite": "^5.0.0"
			},
			"peerDependenciesMeta": {
				"@swc/core": {
					"optional": true
				},
				"discord.js": {
					"optional": false
				},
				"keyv": {
					"optional": true
				},
				"typescript": {
					"optional": true
				},
				"vite": {
					"optional": true
				}
			}
		},
		"node_modules/ts-mixer": {
			"version": "6.0.4",
			"resolved": "https://registry.npmjs.org/ts-mixer/-/ts-mixer-6.0.4.tgz",
			"integrity": "sha512-ufKpbmrugz5Aou4wcr5Wc1UUFWOLhq+Fm6qa6P0w0K5Qw2yhaUoiWszhCVuNQyNwrlGiscHOmqYoAox1PtvgjA==",
			"license": "MIT"
		},
		"node_modules/tslib": {
			"version": "2.8.0",
			"resolved": "https://registry.npmjs.org/tslib/-/tslib-2.8.0.tgz",
			"integrity": "sha512-jWVzBLplnCmoaTr13V9dYbiQ99wvZRd0vNWaDRg+aVYRcjDF3nDksxFDE/+fkXnKhpnUUkmx5pK/v8mCtLVqZA==",
			"license": "0BSD"
		},
		"node_modules/typescript": {
			"version": "5.6.3",
			"resolved": "https://registry.npmjs.org/typescript/-/typescript-5.6.3.tgz",
			"integrity": "sha512-hjcS1mhfuyi4WW8IWtjP7brDrG2cuDZukyrYrSauoXGNgx0S7zceP07adYkJycEr56BOUTNPzbInooiN3fn1qw==",
			"devOptional": true,
			"license": "Apache-2.0",
			"bin": {
				"tsc": "bin/tsc",
				"tsserver": "bin/tsserver"
			},
			"engines": {
				"node": ">=14.17"
			}
		},
		"node_modules/undici": {
			"version": "6.19.8",
			"resolved": "https://registry.npmjs.org/undici/-/undici-6.19.8.tgz",
			"integrity": "sha512-U8uCCl2x9TK3WANvmBavymRzxbfFYG+tAu+fgx3zxQy3qdagQqBLwJVrdyO1TBfUXvfKveMKJZhpvUYoOjM+4g==",
			"license": "MIT",
			"engines": {
				"node": ">=18.17"
			}
		},
		"node_modules/undici-types": {
			"version": "6.19.8",
			"resolved": "https://registry.npmjs.org/undici-types/-/undici-types-6.19.8.tgz",
			"integrity": "sha512-ve2KP6f/JnbPBFyobGHuerC9g1FYGn/F8n1LWTwNxCEzd6IfqTwUQcNXgEtmmQ6DlRrC1hrSrBnCZPokRrDHjw==",
			"license": "MIT"
		},
		"node_modules/ws": {
			"version": "8.18.0",
			"resolved": "https://registry.npmjs.org/ws/-/ws-8.18.0.tgz",
			"integrity": "sha512-8VbfWfHLbbwu3+N6OKsOMpBdT4kXPDDB9cJk2bJ6mh9ucxdlnNvH1e+roYkKmN9Nxw2yjz7VzeO9oOz2zJ04Pw==",
			"license": "MIT",
			"engines": {
				"node": ">=10.0.0"
			},
			"peerDependencies": {
				"bufferutil": "^4.0.1",
				"utf-8-validate": ">=5.0.2"
			},
			"peerDependenciesMeta": {
				"bufferutil": {
					"optional": true
				},
				"utf-8-validate": {
					"optional": true
				}
			}
		}
	}
}
