{
	"name": "analytics-ts",
	"version": "1.0.0",
	"lockfileVersion": 3,
	"requires": true,
	"packages": {
		"": {
			"name": "analytics-ts",
			"version": "1.0.0",
			"dependencies": {
				"@robojs/analytics": "^0.1.1",
				"discord.js": "^14.16.3",
				"robo.js": "^0.10.20"
			},
			"devDependencies": {
				"@swc/core": "^1.7.26",
				"@types/node": "^22.7.5",
				"prettier": "^3.3.3",
				"typescript": "^5.6.3"
			}
		},
		"node_modules/@discordjs/builders": {
			"version": "1.9.0",
			"resolved": "https://registry.npmjs.org/@discordjs/builders/-/builders-1.9.0.tgz",
			"integrity": "sha512-0zx8DePNVvQibh5ly5kCEei5wtPBIUbSoE9n+91Rlladz4tgtFbJ36PZMxxZrTEOQ7AHMZ/b0crT/0fCy6FTKg==",
			"license": "Apache-2.0",
			"dependencies": {
				"@discordjs/formatters": "^0.5.0",
				"@discordjs/util": "^1.1.1",
				"@sapphire/shapeshift": "^4.0.0",
				"discord-api-types": "0.37.97",
				"fast-deep-equal": "^3.1.3",
				"ts-mixer": "^6.0.4",
				"tslib": "^2.6.3"
			},
			"engines": {
				"node": ">=18"
			},
			"funding": {
				"url": "https://github.com/discordjs/discord.js?sponsor"
			}
		},
		"node_modules/@discordjs/builders/node_modules/discord-api-types": {
			"version": "0.37.97",
			"resolved": "https://registry.npmjs.org/discord-api-types/-/discord-api-types-0.37.97.tgz",
			"integrity": "sha512-No1BXPcVkyVD4ZVmbNgDKaBoqgeQ+FJpzZ8wqHkfmBnTZig1FcH3iPPersiK1TUIAzgClh2IvOuVUYfcWLQAOA==",
			"license": "MIT"
		},
		"node_modules/@discordjs/collection": {
			"version": "1.5.3",
			"resolved": "https://registry.npmjs.org/@discordjs/collection/-/collection-1.5.3.tgz",
			"integrity": "sha512-SVb428OMd3WO1paV3rm6tSjM4wC+Kecaa1EUGX7vc6/fddvw/6lg90z4QtCqm21zvVe92vMMDt9+DkIvjXImQQ==",
			"license": "Apache-2.0",
			"engines": {
				"node": ">=16.11.0"
			}
		},
		"node_modules/@discordjs/formatters": {
			"version": "0.5.0",
			"resolved": "https://registry.npmjs.org/@discordjs/formatters/-/formatters-0.5.0.tgz",
			"integrity": "sha512-98b3i+Y19RFq1Xke4NkVY46x8KjJQjldHUuEbCqMvp1F5Iq9HgnGpu91jOi/Ufazhty32eRsKnnzS8n4c+L93g==",
			"license": "Apache-2.0",
			"dependencies": {
				"discord-api-types": "0.37.97"
			},
			"engines": {
				"node": ">=18"
			},
			"funding": {
				"url": "https://github.com/discordjs/discord.js?sponsor"
			}
		},
		"node_modules/@discordjs/formatters/node_modules/discord-api-types": {
			"version": "0.37.97",
			"resolved": "https://registry.npmjs.org/discord-api-types/-/discord-api-types-0.37.97.tgz",
			"integrity": "sha512-No1BXPcVkyVD4ZVmbNgDKaBoqgeQ+FJpzZ8wqHkfmBnTZig1FcH3iPPersiK1TUIAzgClh2IvOuVUYfcWLQAOA==",
			"license": "MIT"
		},
		"node_modules/@discordjs/rest": {
			"version": "2.4.0",
			"resolved": "https://registry.npmjs.org/@discordjs/rest/-/rest-2.4.0.tgz",
			"integrity": "sha512-Xb2irDqNcq+O8F0/k/NaDp7+t091p+acb51iA4bCKfIn+WFWd6HrNvcsSbMMxIR9NjcMZS6NReTKygqiQN+ntw==",
			"license": "Apache-2.0",
			"dependencies": {
				"@discordjs/collection": "^2.1.1",
				"@discordjs/util": "^1.1.1",
				"@sapphire/async-queue": "^1.5.3",
				"@sapphire/snowflake": "^3.5.3",
				"@vladfrangu/async_event_emitter": "^2.4.6",
				"discord-api-types": "0.37.97",
				"magic-bytes.js": "^1.10.0",
				"tslib": "^2.6.3",
				"undici": "6.19.8"
			},
			"engines": {
				"node": ">=18"
			},
			"funding": {
				"url": "https://github.com/discordjs/discord.js?sponsor"
			}
		},
		"node_modules/@discordjs/rest/node_modules/@discordjs/collection": {
			"version": "2.1.1",
			"resolved": "https://registry.npmjs.org/@discordjs/collection/-/collection-2.1.1.tgz",
			"integrity": "sha512-LiSusze9Tc7qF03sLCujF5iZp7K+vRNEDBZ86FT9aQAv3vxMLihUvKvpsCWiQ2DJq1tVckopKm1rxomgNUc9hg==",
			"license": "Apache-2.0",
			"engines": {
				"node": ">=18"
			},
			"funding": {
				"url": "https://github.com/discordjs/discord.js?sponsor"
			}
		},
		"node_modules/@discordjs/rest/node_modules/discord-api-types": {
			"version": "0.37.97",
			"resolved": "https://registry.npmjs.org/discord-api-types/-/discord-api-types-0.37.97.tgz",
			"integrity": "sha512-No1BXPcVkyVD4ZVmbNgDKaBoqgeQ+FJpzZ8wqHkfmBnTZig1FcH3iPPersiK1TUIAzgClh2IvOuVUYfcWLQAOA==",
			"license": "MIT"
		},
		"node_modules/@discordjs/util": {
			"version": "1.1.1",
			"resolved": "https://registry.npmjs.org/@discordjs/util/-/util-1.1.1.tgz",
			"integrity": "sha512-eddz6UnOBEB1oITPinyrB2Pttej49M9FZQY8NxgEvc3tq6ZICZ19m70RsmzRdDHk80O9NoYN/25AqJl8vPVf/g==",
			"license": "Apache-2.0",
			"engines": {
				"node": ">=18"
			},
			"funding": {
				"url": "https://github.com/discordjs/discord.js?sponsor"
			}
		},
		"node_modules/@discordjs/ws": {
			"version": "1.1.1",
			"resolved": "https://registry.npmjs.org/@discordjs/ws/-/ws-1.1.1.tgz",
			"integrity": "sha512-PZ+vLpxGCRtmr2RMkqh8Zp+BenUaJqlS6xhgWKEZcgC/vfHLEzpHtKkB0sl3nZWpwtcKk6YWy+pU3okL2I97FA==",
			"license": "Apache-2.0",
			"dependencies": {
				"@discordjs/collection": "^2.1.0",
				"@discordjs/rest": "^2.3.0",
				"@discordjs/util": "^1.1.0",
				"@sapphire/async-queue": "^1.5.2",
				"@types/ws": "^8.5.10",
				"@vladfrangu/async_event_emitter": "^2.2.4",
				"discord-api-types": "0.37.83",
				"tslib": "^2.6.2",
				"ws": "^8.16.0"
			},
			"engines": {
				"node": ">=16.11.0"
			},
			"funding": {
				"url": "https://github.com/discordjs/discord.js?sponsor"
			}
		},
		"node_modules/@discordjs/ws/node_modules/@discordjs/collection": {
			"version": "2.1.1",
			"resolved": "https://registry.npmjs.org/@discordjs/collection/-/collection-2.1.1.tgz",
			"integrity": "sha512-LiSusze9Tc7qF03sLCujF5iZp7K+vRNEDBZ86FT9aQAv3vxMLihUvKvpsCWiQ2DJq1tVckopKm1rxomgNUc9hg==",
			"license": "Apache-2.0",
			"engines": {
				"node": ">=18"
			},
			"funding": {
				"url": "https://github.com/discordjs/discord.js?sponsor"
			}
		},
		"node_modules/@discordjs/ws/node_modules/discord-api-types": {
			"version": "0.37.83",
			"resolved": "https://registry.npmjs.org/discord-api-types/-/discord-api-types-0.37.83.tgz",
			"integrity": "sha512-urGGYeWtWNYMKnYlZnOnDHm8fVRffQs3U0SpE8RHeiuLKb/u92APS8HoQnPTFbnXmY1vVnXjXO4dOxcAn3J+DA==",
			"license": "MIT"
		},
		"node_modules/@robojs/analytics": {
			"version": "0.1.1",
			"resolved": "https://registry.npmjs.org/@robojs/analytics/-/analytics-0.1.1.tgz",
			"integrity": "sha512-e1rOKh3stMklFg1waNx8++KOPxfzHRruxo7eZR1pGfjd1clp+nyy/yfqdQ216zX1k3U/5hg2Bb+hzdJ9Cj5U3A==",
			"license": "MIT",
			"peerDependencies": {
				"robo.js": "^0.10.1"
			},
			"peerDependenciesMeta": {
				"robo.js": {
					"optional": false
				}
			}
		},
		"node_modules/@sapphire/async-queue": {
			"version": "1.5.5",
			"resolved": "https://registry.npmjs.org/@sapphire/async-queue/-/async-queue-1.5.5.tgz",
			"integrity": "sha512-cvGzxbba6sav2zZkH8GPf2oGk9yYoD5qrNWdu9fRehifgnFZJMV+nuy2nON2roRO4yQQ+v7MK/Pktl/HgfsUXg==",
			"license": "MIT",
			"engines": {
				"node": ">=v14.0.0",
				"npm": ">=7.0.0"
			}
		},
		"node_modules/@sapphire/shapeshift": {
			"version": "4.0.0",
			"resolved": "https://registry.npmjs.org/@sapphire/shapeshift/-/shapeshift-4.0.0.tgz",
			"integrity": "sha512-d9dUmWVA7MMiKobL3VpLF8P2aeanRTu6ypG2OIaEv/ZHH/SUQ2iHOVyi5wAPjQ+HmnMuL0whK9ez8I/raWbtIg==",
			"license": "MIT",
			"dependencies": {
				"fast-deep-equal": "^3.1.3",
				"lodash": "^4.17.21"
			},
			"engines": {
				"node": ">=v16"
			}
		},
		"node_modules/@sapphire/snowflake": {
			"version": "3.5.3",
			"resolved": "https://registry.npmjs.org/@sapphire/snowflake/-/snowflake-3.5.3.tgz",
			"integrity": "sha512-jjmJywLAFoWeBi1W7994zZyiNWPIiqRRNAmSERxyg93xRGzNYvGjlZ0gR6x0F4gPRi2+0O6S71kOZYyr3cxaIQ==",
			"license": "MIT",
			"engines": {
				"node": ">=v14.0.0",
				"npm": ">=7.0.0"
			}
		},
		"node_modules/@swc/core": {
			"version": "1.9.3",
			"resolved": "https://registry.npmjs.org/@swc/core/-/core-1.9.3.tgz",
			"integrity": "sha512-oRj0AFePUhtatX+BscVhnzaAmWjpfAeySpM1TCbxA1rtBDeH/JDhi5yYzAKneDYtVtBvA7ApfeuzhMC9ye4xSg==",
			"devOptional": true,
			"hasInstallScript": true,
			"license": "Apache-2.0",
			"dependencies": {
				"@swc/counter": "^0.1.3",
				"@swc/types": "^0.1.17"
			},
			"engines": {
				"node": ">=10"
			},
			"funding": {
				"type": "opencollective",
				"url": "https://opencollective.com/swc"
			},
			"optionalDependencies": {
				"@swc/core-darwin-arm64": "1.9.3",
				"@swc/core-darwin-x64": "1.9.3",
				"@swc/core-linux-arm-gnueabihf": "1.9.3",
				"@swc/core-linux-arm64-gnu": "1.9.3",
				"@swc/core-linux-arm64-musl": "1.9.3",
				"@swc/core-linux-x64-gnu": "1.9.3",
				"@swc/core-linux-x64-musl": "1.9.3",
				"@swc/core-win32-arm64-msvc": "1.9.3",
				"@swc/core-win32-ia32-msvc": "1.9.3",
				"@swc/core-win32-x64-msvc": "1.9.3"
			},
			"peerDependencies": {
				"@swc/helpers": "*"
			},
			"peerDependenciesMeta": {
				"@swc/helpers": {
					"optional": true
				}
			}
		},
		"node_modules/@swc/core-darwin-arm64": {
			"version": "1.9.3",
			"resolved": "https://registry.npmjs.org/@swc/core-darwin-arm64/-/core-darwin-arm64-1.9.3.tgz",
			"integrity": "sha512-hGfl/KTic/QY4tB9DkTbNuxy5cV4IeejpPD4zo+Lzt4iLlDWIeANL4Fkg67FiVceNJboqg48CUX+APhDHO5G1w==",
			"cpu": [
				"arm64"
			],
			"dev": true,
			"license": "Apache-2.0 AND MIT",
			"optional": true,
			"os": [
				"darwin"
			],
			"engines": {
				"node": ">=10"
			}
		},
		"node_modules/@swc/core-darwin-x64": {
			"version": "1.9.3",
			"resolved": "https://registry.npmjs.org/@swc/core-darwin-x64/-/core-darwin-x64-1.9.3.tgz",
			"integrity": "sha512-IaRq05ZLdtgF5h9CzlcgaNHyg4VXuiStnOFpfNEMuI5fm5afP2S0FHq8WdakUz5WppsbddTdplL+vpeApt/WCQ==",
			"cpu": [
				"x64"
			],
			"dev": true,
			"license": "Apache-2.0 AND MIT",
			"optional": true,
			"os": [
				"darwin"
			],
			"engines": {
				"node": ">=10"
			}
		},
		"node_modules/@swc/core-linux-arm-gnueabihf": {
			"version": "1.9.3",
			"resolved": "https://registry.npmjs.org/@swc/core-linux-arm-gnueabihf/-/core-linux-arm-gnueabihf-1.9.3.tgz",
			"integrity": "sha512-Pbwe7xYprj/nEnZrNBvZfjnTxlBIcfApAGdz2EROhjpPj+FBqBa3wOogqbsuGGBdCphf8S+KPprL1z+oDWkmSQ==",
			"cpu": [
				"arm"
			],
			"dev": true,
			"license": "Apache-2.0",
			"optional": true,
			"os": [
				"linux"
			],
			"engines": {
				"node": ">=10"
			}
		},
		"node_modules/@swc/core-linux-arm64-gnu": {
			"version": "1.9.3",
			"resolved": "https://registry.npmjs.org/@swc/core-linux-arm64-gnu/-/core-linux-arm64-gnu-1.9.3.tgz",
			"integrity": "sha512-AQ5JZiwNGVV/2K2TVulg0mw/3LYfqpjZO6jDPtR2evNbk9Yt57YsVzS+3vHSlUBQDRV9/jqMuZYVU3P13xrk+g==",
			"cpu": [
				"arm64"
			],
			"dev": true,
			"license": "Apache-2.0 AND MIT",
			"optional": true,
			"os": [
				"linux"
			],
			"engines": {
				"node": ">=10"
			}
		},
		"node_modules/@swc/core-linux-arm64-musl": {
			"version": "1.9.3",
			"resolved": "https://registry.npmjs.org/@swc/core-linux-arm64-musl/-/core-linux-arm64-musl-1.9.3.tgz",
			"integrity": "sha512-tzVH480RY6RbMl/QRgh5HK3zn1ZTFsThuxDGo6Iuk1MdwIbdFYUY034heWUTI4u3Db97ArKh0hNL0xhO3+PZdg==",
			"cpu": [
				"arm64"
			],
			"dev": true,
			"license": "Apache-2.0 AND MIT",
			"optional": true,
			"os": [
				"linux"
			],
			"engines": {
				"node": ">=10"
			}
		},
		"node_modules/@swc/core-linux-x64-gnu": {
			"version": "1.9.3",
			"resolved": "https://registry.npmjs.org/@swc/core-linux-x64-gnu/-/core-linux-x64-gnu-1.9.3.tgz",
			"integrity": "sha512-ivXXBRDXDc9k4cdv10R21ccBmGebVOwKXT/UdH1PhxUn9m/h8erAWjz5pcELwjiMf27WokqPgaWVfaclDbgE+w==",
			"cpu": [
				"x64"
			],
			"dev": true,
			"license": "Apache-2.0 AND MIT",
			"optional": true,
			"os": [
				"linux"
			],
			"engines": {
				"node": ">=10"
			}
		},
		"node_modules/@swc/core-linux-x64-musl": {
			"version": "1.9.3",
			"resolved": "https://registry.npmjs.org/@swc/core-linux-x64-musl/-/core-linux-x64-musl-1.9.3.tgz",
			"integrity": "sha512-ILsGMgfnOz1HwdDz+ZgEuomIwkP1PHT6maigZxaCIuC6OPEhKE8uYna22uU63XvYcLQvZYDzpR3ms47WQPuNEg==",
			"cpu": [
				"x64"
			],
			"dev": true,
			"license": "Apache-2.0 AND MIT",
			"optional": true,
			"os": [
				"linux"
			],
			"engines": {
				"node": ">=10"
			}
		},
		"node_modules/@swc/core-win32-arm64-msvc": {
			"version": "1.9.3",
			"resolved": "https://registry.npmjs.org/@swc/core-win32-arm64-msvc/-/core-win32-arm64-msvc-1.9.3.tgz",
			"integrity": "sha512-e+XmltDVIHieUnNJHtspn6B+PCcFOMYXNJB1GqoCcyinkEIQNwC8KtWgMqUucUbEWJkPc35NHy9k8aCXRmw9Kg==",
			"cpu": [
				"arm64"
			],
			"dev": true,
			"license": "Apache-2.0 AND MIT",
			"optional": true,
			"os": [
				"win32"
			],
			"engines": {
				"node": ">=10"
			}
		},
		"node_modules/@swc/core-win32-ia32-msvc": {
			"version": "1.9.3",
			"resolved": "https://registry.npmjs.org/@swc/core-win32-ia32-msvc/-/core-win32-ia32-msvc-1.9.3.tgz",
			"integrity": "sha512-rqpzNfpAooSL4UfQnHhkW8aL+oyjqJniDP0qwZfGnjDoJSbtPysHg2LpcOBEdSnEH+uIZq6J96qf0ZFD8AGfXA==",
			"cpu": [
				"ia32"
			],
			"dev": true,
			"license": "Apache-2.0 AND MIT",
			"optional": true,
			"os": [
				"win32"
			],
			"engines": {
				"node": ">=10"
			}
		},
		"node_modules/@swc/core-win32-x64-msvc": {
			"version": "1.9.3",
			"resolved": "https://registry.npmjs.org/@swc/core-win32-x64-msvc/-/core-win32-x64-msvc-1.9.3.tgz",
			"integrity": "sha512-3YJJLQ5suIEHEKc1GHtqVq475guiyqisKSoUnoaRtxkDaW5g1yvPt9IoSLOe2mRs7+FFhGGU693RsBUSwOXSdQ==",
			"cpu": [
				"x64"
			],
			"dev": true,
			"license": "Apache-2.0 AND MIT",
			"optional": true,
			"os": [
				"win32"
			],
			"engines": {
				"node": ">=10"
			}
		},
		"node_modules/@swc/counter": {
			"version": "0.1.3",
			"resolved": "https://registry.npmjs.org/@swc/counter/-/counter-0.1.3.tgz",
			"integrity": "sha512-e2BR4lsJkkRlKZ/qCHPw9ZaSxc0MVUd7gtbtaB7aMvHeJVYe8sOB8DBZkP2DtISHGSku9sCK6T6cnY0CtXrOCQ==",
			"devOptional": true,
			"license": "Apache-2.0"
		},
		"node_modules/@swc/types": {
			"version": "0.1.17",
			"resolved": "https://registry.npmjs.org/@swc/types/-/types-0.1.17.tgz",
			"integrity": "sha512-V5gRru+aD8YVyCOMAjMpWR1Ui577DD5KSJsHP8RAxopAH22jFz6GZd/qxqjO6MJHQhcsjvjOFXyDhyLQUnMveQ==",
			"devOptional": true,
			"license": "Apache-2.0",
			"dependencies": {
				"@swc/counter": "^0.1.3"
			}
		},
		"node_modules/@types/node": {
			"version": "22.9.3",
			"resolved": "https://registry.npmjs.org/@types/node/-/node-22.9.3.tgz",
			"integrity": "sha512-F3u1fs/fce3FFk+DAxbxc78DF8x0cY09RRL8GnXLmkJ1jvx3TtPdWoTT5/NiYfI5ASqXBmfqJi9dZ3gxMx4lzw==",
			"license": "MIT",
			"dependencies": {
				"undici-types": "~6.19.8"
			}
		},
		"node_modules/@types/ws": {
			"version": "8.5.13",
			"resolved": "https://registry.npmjs.org/@types/ws/-/ws-8.5.13.tgz",
			"integrity": "sha512-osM/gWBTPKgHV8XkTunnegTRIsvF6owmf5w+JtAfOw472dptdm0dlGv4xCt6GwQRcC2XVOvvRE/0bAoQcL2QkA==",
			"license": "MIT",
			"dependencies": {
				"@types/node": "*"
			}
		},
		"node_modules/@vladfrangu/async_event_emitter": {
			"version": "2.4.6",
			"resolved": "https://registry.npmjs.org/@vladfrangu/async_event_emitter/-/async_event_emitter-2.4.6.tgz",
			"integrity": "sha512-RaI5qZo6D2CVS6sTHFKg1v5Ohq/+Bo2LZ5gzUEwZ/WkHhwtGTCB/sVLw8ijOkAUxasZ+WshN/Rzj4ywsABJ5ZA==",
			"license": "MIT",
			"engines": {
				"node": ">=v14.0.0",
				"npm": ">=7.0.0"
			}
		},
		"node_modules/discord-api-types": {
			"version": "0.37.100",
			"resolved": "https://registry.npmjs.org/discord-api-types/-/discord-api-types-0.37.100.tgz",
			"integrity": "sha512-a8zvUI0GYYwDtScfRd/TtaNBDTXwP5DiDVX7K5OmE+DRT57gBqKnwtOC5Ol8z0mRW8KQfETIgiB8U0YZ9NXiCA==",
			"license": "MIT"
		},
		"node_modules/discord.js": {
			"version": "14.16.3",
			"resolved": "https://registry.npmjs.org/discord.js/-/discord.js-14.16.3.tgz",
			"integrity": "sha512-EPCWE9OkA9DnFFNrO7Kl1WHHDYFXu3CNVFJg63bfU7hVtjZGyhShwZtSBImINQRWxWP2tgo2XI+QhdXx28r0aA==",
			"license": "Apache-2.0",
			"dependencies": {
				"@discordjs/builders": "^1.9.0",
				"@discordjs/collection": "1.5.3",
				"@discordjs/formatters": "^0.5.0",
				"@discordjs/rest": "^2.4.0",
				"@discordjs/util": "^1.1.1",
				"@discordjs/ws": "1.1.1",
				"@sapphire/snowflake": "3.5.3",
				"discord-api-types": "0.37.100",
				"fast-deep-equal": "3.1.3",
				"lodash.snakecase": "4.1.1",
				"tslib": "^2.6.3",
				"undici": "6.19.8"
			},
			"engines": {
				"node": ">=18"
			},
			"funding": {
				"url": "https://github.com/discordjs/discord.js?sponsor"
			}
		},
		"node_modules/fast-deep-equal": {
			"version": "3.1.3",
			"resolved": "https://registry.npmjs.org/fast-deep-equal/-/fast-deep-equal-3.1.3.tgz",
			"integrity": "sha512-f3qQ9oQy9j2AhBe/H9VC91wLmKBCCU/gDOnKNAYG5hswO7BLKj09Hc5HYNz9cGI++xlpDCIgDaitVs03ATR84Q==",
			"license": "MIT"
		},
		"node_modules/lodash": {
			"version": "4.17.21",
			"resolved": "https://registry.npmjs.org/lodash/-/lodash-4.17.21.tgz",
			"integrity": "sha512-v2kDEe57lecTulaDIuNTPy3Ry4gLGJ6Z1O3vE1krgXZNrsQ+LFTGHVxVjcXPs17LhbZVGedAJv8XZ1tvj5FvSg==",
			"license": "MIT"
		},
		"node_modules/lodash.snakecase": {
			"version": "4.1.1",
			"resolved": "https://registry.npmjs.org/lodash.snakecase/-/lodash.snakecase-4.1.1.tgz",
			"integrity": "sha512-QZ1d4xoBHYUeuouhEq3lk3Uq7ldgyFXGBhg04+oRLnIz8o9T65Eh+8YdroUwn846zchkA9yDsDl5CVVaV2nqYw==",
			"license": "MIT"
		},
		"node_modules/magic-bytes.js": {
			"version": "1.10.0",
			"resolved": "https://registry.npmjs.org/magic-bytes.js/-/magic-bytes.js-1.10.0.tgz",
			"integrity": "sha512-/k20Lg2q8LE5xiaaSkMXk4sfvI+9EGEykFS4b0CHHGWqDYU0bGUFSwchNOMA56D7TCs9GwVTkqe9als1/ns8UQ==",
			"license": "MIT"
		},
		"node_modules/prettier": {
			"version": "3.3.3",
			"resolved": "https://registry.npmjs.org/prettier/-/prettier-3.3.3.tgz",
			"integrity": "sha512-i2tDNA0O5IrMO757lfrdQZCc2jPNDVntV0m/+4whiDfWaTKfMNgR7Qz0NAeGz/nRqF4m5/6CLzbP4/liHt12Ew==",
			"dev": true,
			"license": "MIT",
			"bin": {
				"prettier": "bin/prettier.cjs"
			},
			"engines": {
				"node": ">=14"
			},
			"funding": {
				"url": "https://github.com/prettier/prettier?sponsor=1"
			}
		},
		"node_modules/robo.js": {
			"version": "0.10.26",
			"resolved": "https://registry.npmjs.org/robo.js/-/robo.js-0.10.26.tgz",
			"integrity": "sha512-NnNslfsbjkia7ihem1bSFk/lTFVfiet3dir6axt9OeKTEZGQlyCl8xdI3v1pYz0X60b9jxEcBlkYZj6hZVeS3Q==",
			"license": "MIT",
			"bin": {
				"robo": "dist/cli/index.js",
				"robox": "dist/cli/robox.js",
				"sage": "dist/cli/sage.js"
			},
			"engines": {
				"node": ">=18.0.0"
			},
			"peerDependencies": {
				"@swc/core": "^1.3.41",
				"discord.js": "^14.0.0",
				"keyv": "^4.5.2",
				"typescript": "^5.0.0",
				"vite": "^5.0.0"
			},
			"peerDependenciesMeta": {
				"@swc/core": {
					"optional": true
				},
				"discord.js": {
					"optional": false
				},
				"keyv": {
					"optional": true
				},
				"typescript": {
					"optional": true
				},
				"vite": {
					"optional": true
				}
			}
		},
		"node_modules/ts-mixer": {
			"version": "6.0.4",
			"resolved": "https://registry.npmjs.org/ts-mixer/-/ts-mixer-6.0.4.tgz",
			"integrity": "sha512-ufKpbmrugz5Aou4wcr5Wc1UUFWOLhq+Fm6qa6P0w0K5Qw2yhaUoiWszhCVuNQyNwrlGiscHOmqYoAox1PtvgjA==",
			"license": "MIT"
		},
		"node_modules/tslib": {
			"version": "2.8.1",
			"resolved": "https://registry.npmjs.org/tslib/-/tslib-2.8.1.tgz",
			"integrity": "sha512-oJFu94HQb+KVduSUQL7wnpmqnfmLsOA/nAh6b6EH0wCEoK0/mPeXU6c3wKDV83MkOuHPRHtSXKKU99IBazS/2w==",
			"license": "0BSD"
		},
		"node_modules/typescript": {
			"version": "5.7.2",
			"resolved": "https://registry.npmjs.org/typescript/-/typescript-5.7.2.tgz",
			"integrity": "sha512-i5t66RHxDvVN40HfDd1PsEThGNnlMCMT3jMUuoh9/0TaqWevNontacunWyN02LA9/fIbEWlcHZcgTKb9QoaLfg==",
			"devOptional": true,
			"license": "Apache-2.0",
			"bin": {
				"tsc": "bin/tsc",
				"tsserver": "bin/tsserver"
			},
			"engines": {
				"node": ">=14.17"
			}
		},
		"node_modules/undici": {
			"version": "6.19.8",
			"resolved": "https://registry.npmjs.org/undici/-/undici-6.19.8.tgz",
			"integrity": "sha512-U8uCCl2x9TK3WANvmBavymRzxbfFYG+tAu+fgx3zxQy3qdagQqBLwJVrdyO1TBfUXvfKveMKJZhpvUYoOjM+4g==",
			"license": "MIT",
			"engines": {
				"node": ">=18.17"
			}
		},
		"node_modules/undici-types": {
			"version": "6.19.8",
			"resolved": "https://registry.npmjs.org/undici-types/-/undici-types-6.19.8.tgz",
			"integrity": "sha512-ve2KP6f/JnbPBFyobGHuerC9g1FYGn/F8n1LWTwNxCEzd6IfqTwUQcNXgEtmmQ6DlRrC1hrSrBnCZPokRrDHjw==",
			"license": "MIT"
		},
		"node_modules/ws": {
			"version": "8.18.0",
			"resolved": "https://registry.npmjs.org/ws/-/ws-8.18.0.tgz",
			"integrity": "sha512-8VbfWfHLbbwu3+N6OKsOMpBdT4kXPDDB9cJk2bJ6mh9ucxdlnNvH1e+roYkKmN9Nxw2yjz7VzeO9oOz2zJ04Pw==",
			"license": "MIT",
			"engines": {
				"node": ">=10.0.0"
			},
			"peerDependencies": {
				"bufferutil": "^4.0.1",
				"utf-8-validate": ">=5.0.2"
			},
			"peerDependenciesMeta": {
				"bufferutil": {
					"optional": true
				},
				"utf-8-validate": {
					"optional": true
				}
			}
		}
	}
}
