{
	"name": "@roboplay/plugin-poll",
	"version": "0.1.2",
	"lockfileVersion": 3,
	"requires": true,
	"packages": {
		"": {
			"name": "@roboplay/plugin-poll",
			"version": "0.1.2",
			"license": "MIT",
			"dependencies": {
				"@roboplay/plugin-poll": "file:"
			},
			"devDependencies": {
				"@roboplay/robo.js": "0.6.1",
				"@swc/core": "^1.3.44",
				"@types/node": "^18.14.6",
				"discord.js": "14.7.1",
				"typescript": "^5.0.0"
			}
		},
		"node_modules/@discordjs/builders": {
			"version": "1.9.0",
			"resolved": "https://registry.npmjs.org/@discordjs/builders/-/builders-1.9.0.tgz",
			"integrity": "sha512-0zx8DePNVvQibh5ly5kCEei5wtPBIUbSoE9n+91Rlladz4tgtFbJ36PZMxxZrTEOQ7AHMZ/b0crT/0fCy6FTKg==",
			"dev": true,
			"license": "Apache-2.0",
			"dependencies": {
				"@discordjs/formatters": "^0.5.0",
				"@discordjs/util": "^1.1.1",
				"@sapphire/shapeshift": "^4.0.0",
				"discord-api-types": "0.37.97",
				"fast-deep-equal": "^3.1.3",
				"ts-mixer": "^6.0.4",
				"tslib": "^2.6.3"
			},
			"engines": {
				"node": ">=18"
			},
			"funding": {
				"url": "https://github.com/discordjs/discord.js?sponsor"
			}
		},
		"node_modules/@discordjs/builders/node_modules/@discordjs/util": {
			"version": "1.1.1",
			"resolved": "https://registry.npmjs.org/@discordjs/util/-/util-1.1.1.tgz",
			"integrity": "sha512-eddz6UnOBEB1oITPinyrB2Pttej49M9FZQY8NxgEvc3tq6ZICZ19m70RsmzRdDHk80O9NoYN/25AqJl8vPVf/g==",
			"dev": true,
			"license": "Apache-2.0",
			"engines": {
				"node": ">=18"
			},
			"funding": {
				"url": "https://github.com/discordjs/discord.js?sponsor"
			}
		},
		"node_modules/@discordjs/builders/node_modules/discord-api-types": {
			"version": "0.37.97",
			"resolved": "https://registry.npmjs.org/discord-api-types/-/discord-api-types-0.37.97.tgz",
			"integrity": "sha512-No1BXPcVkyVD4ZVmbNgDKaBoqgeQ+FJpzZ8wqHkfmBnTZig1FcH3iPPersiK1TUIAzgClh2IvOuVUYfcWLQAOA==",
			"dev": true,
			"license": "MIT"
		},
		"node_modules/@discordjs/collection": {
			"version": "1.5.3",
			"resolved": "https://registry.npmjs.org/@discordjs/collection/-/collection-1.5.3.tgz",
			"integrity": "sha512-SVb428OMd3WO1paV3rm6tSjM4wC+Kecaa1EUGX7vc6/fddvw/6lg90z4QtCqm21zvVe92vMMDt9+DkIvjXImQQ==",
			"dev": true,
			"license": "Apache-2.0",
			"engines": {
				"node": ">=16.11.0"
			}
		},
		"node_modules/@discordjs/formatters": {
			"version": "0.5.0",
			"resolved": "https://registry.npmjs.org/@discordjs/formatters/-/formatters-0.5.0.tgz",
			"integrity": "sha512-98b3i+Y19RFq1Xke4NkVY46x8KjJQjldHUuEbCqMvp1F5Iq9HgnGpu91jOi/Ufazhty32eRsKnnzS8n4c+L93g==",
			"dev": true,
			"license": "Apache-2.0",
			"dependencies": {
				"discord-api-types": "0.37.97"
			},
			"engines": {
				"node": ">=18"
			},
			"funding": {
				"url": "https://github.com/discordjs/discord.js?sponsor"
			}
		},
		"node_modules/@discordjs/formatters/node_modules/discord-api-types": {
			"version": "0.37.97",
			"resolved": "https://registry.npmjs.org/discord-api-types/-/discord-api-types-0.37.97.tgz",
			"integrity": "sha512-No1BXPcVkyVD4ZVmbNgDKaBoqgeQ+FJpzZ8wqHkfmBnTZig1FcH3iPPersiK1TUIAzgClh2IvOuVUYfcWLQAOA==",
			"dev": true,
			"license": "MIT"
		},
		"node_modules/@discordjs/rest": {
			"version": "1.7.1",
			"resolved": "https://registry.npmjs.org/@discordjs/rest/-/rest-1.7.1.tgz",
			"integrity": "sha512-Ofa9UqT0U45G/eX86cURQnX7gzOJLG2oC28VhIk/G6IliYgQF7jFByBJEykPSHE4MxPhqCleYvmsrtfKh1nYmQ==",
			"dev": true,
			"license": "Apache-2.0",
			"dependencies": {
				"@discordjs/collection": "^1.5.1",
				"@discordjs/util": "^0.3.0",
				"@sapphire/async-queue": "^1.5.0",
				"@sapphire/snowflake": "^3.4.2",
				"discord-api-types": "^0.37.41",
				"file-type": "^18.3.0",
				"tslib": "^2.5.0",
				"undici": "^5.22.0"
			},
			"engines": {
				"node": ">=16.9.0"
			}
		},
		"node_modules/@discordjs/rest/node_modules/@discordjs/util": {
			"version": "0.3.1",
			"resolved": "https://registry.npmjs.org/@discordjs/util/-/util-0.3.1.tgz",
			"integrity": "sha512-HxXKYKg7vohx2/OupUN/4Sd02Ev3PBJ5q0gtjdcvXb0ErCva8jNHWfe/v5sU3UKjIB/uxOhc+TDOnhqffj9pRA==",
			"dev": true,
			"license": "Apache-2.0",
			"engines": {
				"node": ">=16.9.0"
			}
		},
		"node_modules/@discordjs/util": {
			"version": "0.1.0",
			"resolved": "https://registry.npmjs.org/@discordjs/util/-/util-0.1.0.tgz",
			"integrity": "sha512-e7d+PaTLVQav6rOc2tojh2y6FE8S7REkqLldq1XF4soCx74XB/DIjbVbVLtBemf0nLW77ntz0v+o5DytKwFNLQ==",
			"dev": true,
			"license": "Apache-2.0",
			"engines": {
				"node": ">=16.9.0"
			}
		},
		"node_modules/@fastify/busboy": {
			"version": "2.1.1",
			"resolved": "https://registry.npmjs.org/@fastify/busboy/-/busboy-2.1.1.tgz",
			"integrity": "sha512-vBZP4NlzfOlerQTnba4aqZoMhE/a9HY7HRqoOPaETQcSQuWEIyZMHGfVu6w9wGtGK5fED5qRs2DteVCjOH60sA==",
			"dev": true,
			"license": "MIT",
			"engines": {
				"node": ">=14"
			}
		},
		"node_modules/@roboplay/plugin-poll": {
			"resolved": "",
			"link": true
		},
		"node_modules/@roboplay/robo.js": {
			"version": "0.6.1",
			"resolved": "https://registry.npmjs.org/@roboplay/robo.js/-/robo.js-0.6.1.tgz",
			"integrity": "sha512-iXBR5m8a8wO8MIlNNQBvw9cYhOaRphktEGOHUa8ucACC0lJsQVybspsk0wftD3qTjalCJWzVT3+OTK7SXkTOQg==",
			"dev": true,
			"dependencies": {
				"chalk": "5.2.0",
				"commander": "10.0.1",
				"dotenv": "16.0.3",
				"node-watch": "0.7.3",
				"p-limit": "4.0.0",
				"tar": "^6.1.13"
			},
			"bin": {
				"robo": "dist/cli/index.js"
			},
			"engines": {
				"node": ">=18.0.0"
			},
			"peerDependencies": {
				"@swc/core": "^1.3.41",
				"discord.js": "^14.0.0",
				"typescript": "^5.0.0"
			},
			"peerDependenciesMeta": {
				"@swc/core": {
					"optional": true
				},
				"discord.js": {
					"optional": false
				},
				"typescript": {
					"optional": true
				}
			}
		},
		"node_modules/@sapphire/async-queue": {
			"version": "1.5.3",
			"resolved": "https://registry.npmjs.org/@sapphire/async-queue/-/async-queue-1.5.3.tgz",
			"integrity": "sha512-x7zadcfJGxFka1Q3f8gCts1F0xMwCKbZweM85xECGI0hBTeIZJGGCrHgLggihBoprlQ/hBmDR5LKfIPqnmHM3w==",
			"dev": true,
			"license": "MIT",
			"engines": {
				"node": ">=v14.0.0",
				"npm": ">=7.0.0"
			}
		},
		"node_modules/@sapphire/shapeshift": {
			"version": "4.0.0",
			"resolved": "https://registry.npmjs.org/@sapphire/shapeshift/-/shapeshift-4.0.0.tgz",
			"integrity": "sha512-d9dUmWVA7MMiKobL3VpLF8P2aeanRTu6ypG2OIaEv/ZHH/SUQ2iHOVyi5wAPjQ+HmnMuL0whK9ez8I/raWbtIg==",
			"dev": true,
			"license": "MIT",
			"dependencies": {
				"fast-deep-equal": "^3.1.3",
				"lodash": "^4.17.21"
			},
			"engines": {
				"node": ">=v16"
			}
		},
		"node_modules/@sapphire/snowflake": {
			"version": "3.5.3",
			"resolved": "https://registry.npmjs.org/@sapphire/snowflake/-/snowflake-3.5.3.tgz",
			"integrity": "sha512-jjmJywLAFoWeBi1W7994zZyiNWPIiqRRNAmSERxyg93xRGzNYvGjlZ0gR6x0F4gPRi2+0O6S71kOZYyr3cxaIQ==",
			"dev": true,
			"license": "MIT",
			"engines": {
				"node": ">=v14.0.0",
				"npm": ">=7.0.0"
			}
		},
		"node_modules/@swc/core": {
			"version": "1.7.40",
			"resolved": "https://registry.npmjs.org/@swc/core/-/core-1.7.40.tgz",
			"integrity": "sha512-0HIzM5vigVT5IvNum+pPuST9p8xFhN6mhdIKju7qYYeNuZG78lwms/2d8WgjTJJlzp6JlPguXGrMMNzjQw0qNg==",
			"dev": true,
			"hasInstallScript": true,
			"license": "Apache-2.0",
			"dependencies": {
				"@swc/counter": "^0.1.3",
				"@swc/types": "^0.1.13"
			},
			"engines": {
				"node": ">=10"
			},
			"funding": {
				"type": "opencollective",
				"url": "https://opencollective.com/swc"
			},
			"optionalDependencies": {
				"@swc/core-darwin-arm64": "1.7.40",
				"@swc/core-darwin-x64": "1.7.40",
				"@swc/core-linux-arm-gnueabihf": "1.7.40",
				"@swc/core-linux-arm64-gnu": "1.7.40",
				"@swc/core-linux-arm64-musl": "1.7.40",
				"@swc/core-linux-x64-gnu": "1.7.40",
				"@swc/core-linux-x64-musl": "1.7.40",
				"@swc/core-win32-arm64-msvc": "1.7.40",
				"@swc/core-win32-ia32-msvc": "1.7.40",
				"@swc/core-win32-x64-msvc": "1.7.40"
			},
			"peerDependencies": {
				"@swc/helpers": "*"
			},
			"peerDependenciesMeta": {
				"@swc/helpers": {
					"optional": true
				}
			}
		},
		"node_modules/@swc/core-darwin-arm64": {
			"version": "1.7.40",
			"resolved": "https://registry.npmjs.org/@swc/core-darwin-arm64/-/core-darwin-arm64-1.7.40.tgz",
			"integrity": "sha512-LRRrCiRJLb1kpQtxMNNsr5W82Inr0dy5Imho+4HQzVx/Ismi0qX4hQBgzJAnyOBNLK1+OBVb/912UVhKXppdfQ==",
			"cpu": [
				"arm64"
			],
			"dev": true,
			"license": "Apache-2.0 AND MIT",
			"optional": true,
			"os": [
				"darwin"
			],
			"engines": {
				"node": ">=10"
			}
		},
		"node_modules/@swc/core-darwin-x64": {
			"version": "1.7.40",
			"resolved": "https://registry.npmjs.org/@swc/core-darwin-x64/-/core-darwin-x64-1.7.40.tgz",
			"integrity": "sha512-Lpl0XK/4fLzS5jsK48opUuGXrqJXwqJckYYPwyGbCfCXm4MsBe+7dX2hq/Kc4YMY25+NeTmzAXhla8TT4WYD/g==",
			"cpu": [
				"x64"
			],
			"dev": true,
			"license": "Apache-2.0 AND MIT",
			"optional": true,
			"os": [
				"darwin"
			],
			"engines": {
				"node": ">=10"
			}
		},
		"node_modules/@swc/core-linux-arm-gnueabihf": {
			"version": "1.7.40",
			"resolved": "https://registry.npmjs.org/@swc/core-linux-arm-gnueabihf/-/core-linux-arm-gnueabihf-1.7.40.tgz",
			"integrity": "sha512-4bEvvjptpoc5BRPr/R419h6fXTEuub+frpxxlxBOEKxgXjAF/S3xdxyPijUAakmW/xXBF0u7OC4KYI+38yQp6g==",
			"cpu": [
				"arm"
			],
			"dev": true,
			"license": "Apache-2.0",
			"optional": true,
			"os": [
				"linux"
			],
			"engines": {
				"node": ">=10"
			}
		},
		"node_modules/@swc/core-linux-arm64-gnu": {
			"version": "1.7.40",
			"resolved": "https://registry.npmjs.org/@swc/core-linux-arm64-gnu/-/core-linux-arm64-gnu-1.7.40.tgz",
			"integrity": "sha512-v2fBlHJ/6Ovz0L2xFAI9TRiKyl9DTdx139PuAHD9gyzp16Utl/W0MPd4t2cYdkI6hPXE9PsJCSzMOrduh+YoDg==",
			"cpu": [
				"arm64"
			],
			"dev": true,
			"license": "Apache-2.0 AND MIT",
			"optional": true,
			"os": [
				"linux"
			],
			"engines": {
				"node": ">=10"
			}
		},
		"node_modules/@swc/core-linux-arm64-musl": {
			"version": "1.7.40",
			"resolved": "https://registry.npmjs.org/@swc/core-linux-arm64-musl/-/core-linux-arm64-musl-1.7.40.tgz",
			"integrity": "sha512-uMkduQuU4LFVkW6txv8AVArT8GjJVJ5IHoWloXaUBMT447iE8NALmpePdZWhMyj6KV7j0y23CM5rzV/I2eNGLg==",
			"cpu": [
				"arm64"
			],
			"dev": true,
			"license": "Apache-2.0 AND MIT",
			"optional": true,
			"os": [
				"linux"
			],
			"engines": {
				"node": ">=10"
			}
		},
		"node_modules/@swc/core-linux-x64-gnu": {
			"version": "1.7.40",
			"resolved": "https://registry.npmjs.org/@swc/core-linux-x64-gnu/-/core-linux-x64-gnu-1.7.40.tgz",
			"integrity": "sha512-4LZdY1MBSnXyTpW5fpBU/+JGAhkuHT+VnFTDNegRboN5nSPh7y0Yvn4LmIioESV+sWzjKkEXujJPGjrp+oSp5w==",
			"cpu": [
				"x64"
			],
			"dev": true,
			"license": "Apache-2.0 AND MIT",
			"optional": true,
			"os": [
				"linux"
			],
			"engines": {
				"node": ">=10"
			}
		},
		"node_modules/@swc/core-linux-x64-musl": {
			"version": "1.7.40",
			"resolved": "https://registry.npmjs.org/@swc/core-linux-x64-musl/-/core-linux-x64-musl-1.7.40.tgz",
			"integrity": "sha512-FPjOwT3SgI6PAwH1O8bhOGBPzuvzOlzKeCtxLaCjruHJu9V8KKBrMTWOZT/FJyYC9mX5Ip1+l9j30UqUZdQxtA==",
			"cpu": [
				"x64"
			],
			"dev": true,
			"license": "Apache-2.0 AND MIT",
			"optional": true,
			"os": [
				"linux"
			],
			"engines": {
				"node": ">=10"
			}
		},
		"node_modules/@swc/core-win32-arm64-msvc": {
			"version": "1.7.40",
			"resolved": "https://registry.npmjs.org/@swc/core-win32-arm64-msvc/-/core-win32-arm64-msvc-1.7.40.tgz",
			"integrity": "sha512-//ovXdD9GsTmhPmXJlXnIbRQkeuL6PSrYSr7uCMNcclrUdJG0YkO0GMM2afUKYbdJcunylDDWsSS8PFWn0QxmA==",
			"cpu": [
				"arm64"
			],
			"dev": true,
			"license": "Apache-2.0 AND MIT",
			"optional": true,
			"os": [
				"win32"
			],
			"engines": {
				"node": ">=10"
			}
		},
		"node_modules/@swc/core-win32-ia32-msvc": {
			"version": "1.7.40",
			"resolved": "https://registry.npmjs.org/@swc/core-win32-ia32-msvc/-/core-win32-ia32-msvc-1.7.40.tgz",
			"integrity": "sha512-iD/1auVhHGlhWAPrWmfRWL3w4AvXIWGVXZiSA109/xnRIPiHKb/HqqTp/qB94E/ZHMPRgLKkLTNwamlkueUs8g==",
			"cpu": [
				"ia32"
			],
			"dev": true,
			"license": "Apache-2.0 AND MIT",
			"optional": true,
			"os": [
				"win32"
			],
			"engines": {
				"node": ">=10"
			}
		},
		"node_modules/@swc/core-win32-x64-msvc": {
			"version": "1.7.40",
			"resolved": "https://registry.npmjs.org/@swc/core-win32-x64-msvc/-/core-win32-x64-msvc-1.7.40.tgz",
			"integrity": "sha512-ZlFAV1WFPhhWQ/8esiygmetkb905XIcMMtHRRG0FBGCllO+HVL5nikUaLDgTClz1onmEY9sMXUFQeoPtvliV+w==",
			"cpu": [
				"x64"
			],
			"dev": true,
			"license": "Apache-2.0 AND MIT",
			"optional": true,
			"os": [
				"win32"
			],
			"engines": {
				"node": ">=10"
			}
		},
		"node_modules/@swc/counter": {
			"version": "0.1.3",
			"resolved": "https://registry.npmjs.org/@swc/counter/-/counter-0.1.3.tgz",
			"integrity": "sha512-e2BR4lsJkkRlKZ/qCHPw9ZaSxc0MVUd7gtbtaB7aMvHeJVYe8sOB8DBZkP2DtISHGSku9sCK6T6cnY0CtXrOCQ==",
			"dev": true,
			"license": "Apache-2.0"
		},
		"node_modules/@swc/types": {
			"version": "0.1.13",
			"resolved": "https://registry.npmjs.org/@swc/types/-/types-0.1.13.tgz",
			"integrity": "sha512-JL7eeCk6zWCbiYQg2xQSdLXQJl8Qoc9rXmG2cEKvHe3CKwMHwHGpfOb8frzNLmbycOo6I51qxnLnn9ESf4I20Q==",
			"dev": true,
			"license": "Apache-2.0",
			"dependencies": {
				"@swc/counter": "^0.1.3"
			}
		},
		"node_modules/@tokenizer/token": {
			"version": "0.3.0",
			"resolved": "https://registry.npmjs.org/@tokenizer/token/-/token-0.3.0.tgz",
			"integrity": "sha512-OvjF+z51L3ov0OyAU0duzsYuvO01PH7x4t6DJx+guahgTnBHkhJdG7soQeTSFLWN3efnHyibZ4Z8l2EuWwJN3A==",
			"dev": true,
			"license": "MIT"
		},
		"node_modules/@types/node": {
			"version": "18.19.59",
			"resolved": "https://registry.npmjs.org/@types/node/-/node-18.19.59.tgz",
			"integrity": "sha512-vizm2EqwV/7Zay+A6J3tGl9Lhr7CjZe2HmWS988sefiEmsyP9CeXEleho6i4hJk/8UtZAo0bWN4QPZZr83RxvQ==",
			"dev": true,
			"license": "MIT",
			"dependencies": {
				"undici-types": "~5.26.4"
			}
		},
		"node_modules/@types/ws": {
			"version": "8.5.12",
			"resolved": "https://registry.npmjs.org/@types/ws/-/ws-8.5.12.tgz",
			"integrity": "sha512-3tPRkv1EtkDpzlgyKyI8pGsGZAGPEaXeu0DOj5DI25Ja91bdAYddYHbADRYVrZMRbfW+1l5YwXVDKohDJNQxkQ==",
			"dev": true,
			"license": "MIT",
			"dependencies": {
				"@types/node": "*"
			}
		},
		"node_modules/chalk": {
			"version": "5.2.0",
			"resolved": "https://registry.npmjs.org/chalk/-/chalk-5.2.0.tgz",
			"integrity": "sha512-ree3Gqw/nazQAPuJJEy+avdl7QfZMcUvmHIKgEZkGL+xOBzRvup5Hxo6LHuMceSxOabuJLJm5Yp/92R9eMmMvA==",
			"dev": true,
			"license": "MIT",
			"engines": {
				"node": "^12.17.0 || ^14.13 || >=16.0.0"
			},
			"funding": {
				"url": "https://github.com/chalk/chalk?sponsor=1"
			}
		},
		"node_modules/chownr": {
			"version": "2.0.0",
			"resolved": "https://registry.npmjs.org/chownr/-/chownr-2.0.0.tgz",
			"integrity": "sha512-bIomtDF5KGpdogkLd9VspvFzk9KfpyyGlS8YFVZl7TGPBHL5snIOnxeshwVgPteQ9b4Eydl+pVbIyE1DcvCWgQ==",
			"dev": true,
			"license": "ISC",
			"engines": {
				"node": ">=10"
			}
		},
		"node_modules/commander": {
			"version": "10.0.1",
			"resolved": "https://registry.npmjs.org/commander/-/commander-10.0.1.tgz",
			"integrity": "sha512-y4Mg2tXshplEbSGzx7amzPwKKOCGuoSRP/CjEdwwk0FOGlUbq6lKuoyDZTNZkmxHdJtp54hdfY/JUrdL7Xfdug==",
			"dev": true,
			"license": "MIT",
			"engines": {
				"node": ">=14"
			}
		},
		"node_modules/discord-api-types": {
			"version": "0.37.103",
			"resolved": "https://registry.npmjs.org/discord-api-types/-/discord-api-types-0.37.103.tgz",
			"integrity": "sha512-r+qitxXKe2l6KFw5odPdZSSqdEou+7eNC7BfbZ7mny5Me/K06wCTeKUMVeH/YsI9+4QQudskeQ307kr/7ppQ1A==",
			"dev": true,
			"license": "MIT"
		},
		"node_modules/discord.js": {
			"version": "14.7.1",
			"resolved": "https://registry.npmjs.org/discord.js/-/discord.js-14.7.1.tgz",
			"integrity": "sha512-1FECvqJJjjeYcjSm0IGMnPxLqja/pmG1B0W2l3lUY2Gi4KXiyTeQmU1IxWcbXHn2k+ytP587mMWqva2IA87EbA==",
			"deprecated": "Hard crashes on interactions with a channel in the payload, use 14.8.0 and up",
			"dev": true,
			"license": "Apache-2.0",
			"dependencies": {
				"@discordjs/builders": "^1.4.0",
				"@discordjs/collection": "^1.3.0",
				"@discordjs/rest": "^1.4.0",
				"@discordjs/util": "^0.1.0",
				"@sapphire/snowflake": "^3.2.2",
				"@types/ws": "^8.5.3",
				"discord-api-types": "^0.37.20",
				"fast-deep-equal": "^3.1.3",
				"lodash.snakecase": "^4.1.1",
				"tslib": "^2.4.1",
				"undici": "^5.13.0",
				"ws": "^8.11.0"
			},
			"engines": {
				"node": ">=16.9.0"
			}
		},
		"node_modules/dotenv": {
			"version": "16.0.3",
			"resolved": "https://registry.npmjs.org/dotenv/-/dotenv-16.0.3.tgz",
			"integrity": "sha512-7GO6HghkA5fYG9TYnNxi14/7K9f5occMlp3zXAuSxn7CKCxt9xbNWG7yF8hTCSUchlfWSe3uLmlPfigevRItzQ==",
			"dev": true,
			"license": "BSD-2-Clause",
			"engines": {
				"node": ">=12"
			}
		},
		"node_modules/fast-deep-equal": {
			"version": "3.1.3",
			"resolved": "https://registry.npmjs.org/fast-deep-equal/-/fast-deep-equal-3.1.3.tgz",
			"integrity": "sha512-f3qQ9oQy9j2AhBe/H9VC91wLmKBCCU/gDOnKNAYG5hswO7BLKj09Hc5HYNz9cGI++xlpDCIgDaitVs03ATR84Q==",
			"dev": true,
			"license": "MIT"
		},
		"node_modules/file-type": {
			"version": "18.7.0",
			"resolved": "https://registry.npmjs.org/file-type/-/file-type-18.7.0.tgz",
			"integrity": "sha512-ihHtXRzXEziMrQ56VSgU7wkxh55iNchFkosu7Y9/S+tXHdKyrGjVK0ujbqNnsxzea+78MaLhN6PGmfYSAv1ACw==",
			"dev": true,
			"license": "MIT",
			"dependencies": {
				"readable-web-to-node-stream": "^3.0.2",
				"strtok3": "^7.0.0",
				"token-types": "^5.0.1"
			},
			"engines": {
				"node": ">=14.16"
			},
			"funding": {
				"url": "https://github.com/sindresorhus/file-type?sponsor=1"
			}
		},
		"node_modules/fs-minipass": {
			"version": "2.1.0",
			"resolved": "https://registry.npmjs.org/fs-minipass/-/fs-minipass-2.1.0.tgz",
			"integrity": "sha512-V/JgOLFCS+R6Vcq0slCuaeWEdNC3ouDlJMNIsacH2VtALiu9mV4LPrHc5cDl8k5aw6J8jwgWWpiTo5RYhmIzvg==",
			"dev": true,
			"license": "ISC",
			"dependencies": {
				"minipass": "^3.0.0"
			},
			"engines": {
				"node": ">= 8"
			}
		},
		"node_modules/fs-minipass/node_modules/minipass": {
			"version": "3.3.6",
			"resolved": "https://registry.npmjs.org/minipass/-/minipass-3.3.6.tgz",
			"integrity": "sha512-DxiNidxSEK+tHG6zOIklvNOwm3hvCrbUrdtzY74U6HKTJxvIDfOUL5W5P2Ghd3DTkhhKPYGqeNUIh5qcM4YBfw==",
			"dev": true,
			"license": "ISC",
			"dependencies": {
				"yallist": "^4.0.0"
			},
			"engines": {
				"node": ">=8"
			}
		},
		"node_modules/ieee754": {
			"version": "1.2.1",
			"resolved": "https://registry.npmjs.org/ieee754/-/ieee754-1.2.1.tgz",
			"integrity": "sha512-dcyqhDvX1C46lXZcVqCpK+FtMRQVdIMN6/Df5js2zouUsqG7I6sFxitIC+7KYK29KdXOLHdu9zL4sFnoVQnqaA==",
			"dev": true,
			"funding": [
				{
					"type": "github",
					"url": "https://github.com/sponsors/feross"
				},
				{
					"type": "patreon",
					"url": "https://www.patreon.com/feross"
				},
				{
					"type": "consulting",
					"url": "https://feross.org/support"
				}
			],
			"license": "BSD-3-Clause"
		},
		"node_modules/inherits": {
			"version": "2.0.4",
			"resolved": "https://registry.npmjs.org/inherits/-/inherits-2.0.4.tgz",
			"integrity": "sha512-k/vGaX4/Yla3WzyMCvTQOXYeIHvqOKtnqBduzTHpzpQZzAskKMhZ2K+EnBiSM9zGSoIFeMpXKxa4dYeZIQqewQ==",
			"dev": true,
			"license": "ISC"
		},
		"node_modules/lodash": {
			"version": "4.17.21",
			"resolved": "https://registry.npmjs.org/lodash/-/lodash-4.17.21.tgz",
			"integrity": "sha512-v2kDEe57lecTulaDIuNTPy3Ry4gLGJ6Z1O3vE1krgXZNrsQ+LFTGHVxVjcXPs17LhbZVGedAJv8XZ1tvj5FvSg==",
			"dev": true,
			"license": "MIT"
		},
		"node_modules/lodash.snakecase": {
			"version": "4.1.1",
			"resolved": "https://registry.npmjs.org/lodash.snakecase/-/lodash.snakecase-4.1.1.tgz",
			"integrity": "sha512-QZ1d4xoBHYUeuouhEq3lk3Uq7ldgyFXGBhg04+oRLnIz8o9T65Eh+8YdroUwn846zchkA9yDsDl5CVVaV2nqYw==",
			"dev": true,
			"license": "MIT"
		},
		"node_modules/minipass": {
			"version": "5.0.0",
			"resolved": "https://registry.npmjs.org/minipass/-/minipass-5.0.0.tgz",
			"integrity": "sha512-3FnjYuehv9k6ovOEbyOswadCDPX1piCfhV8ncmYtHOjuPwylVWsghTLo7rabjC3Rx5xD4HDx8Wm1xnMF7S5qFQ==",
			"dev": true,
			"license": "ISC",
			"engines": {
				"node": ">=8"
			}
		},
		"node_modules/minizlib": {
			"version": "2.1.2",
			"resolved": "https://registry.npmjs.org/minizlib/-/minizlib-2.1.2.tgz",
			"integrity": "sha512-bAxsR8BVfj60DWXHE3u30oHzfl4G7khkSuPW+qvpd7jFRHm7dLxOjUk1EHACJ/hxLY8phGJ0YhYHZo7jil7Qdg==",
			"dev": true,
			"license": "MIT",
			"dependencies": {
				"minipass": "^3.0.0",
				"yallist": "^4.0.0"
			},
			"engines": {
				"node": ">= 8"
			}
		},
		"node_modules/minizlib/node_modules/minipass": {
			"version": "3.3.6",
			"resolved": "https://registry.npmjs.org/minipass/-/minipass-3.3.6.tgz",
			"integrity": "sha512-DxiNidxSEK+tHG6zOIklvNOwm3hvCrbUrdtzY74U6HKTJxvIDfOUL5W5P2Ghd3DTkhhKPYGqeNUIh5qcM4YBfw==",
			"dev": true,
			"license": "ISC",
			"dependencies": {
				"yallist": "^4.0.0"
			},
			"engines": {
				"node": ">=8"
			}
		},
		"node_modules/mkdirp": {
			"version": "1.0.4",
			"resolved": "https://registry.npmjs.org/mkdirp/-/mkdirp-1.0.4.tgz",
			"integrity": "sha512-vVqVZQyf3WLx2Shd0qJ9xuvqgAyKPLAiqITEtqW0oIUjzo3PePDd6fW9iFz30ef7Ysp/oiWqbhszeGWW2T6Gzw==",
			"dev": true,
			"license": "MIT",
			"bin": {
				"mkdirp": "bin/cmd.js"
			},
			"engines": {
				"node": ">=10"
			}
		},
		"node_modules/node-watch": {
			"version": "0.7.3",
			"resolved": "https://registry.npmjs.org/node-watch/-/node-watch-0.7.3.tgz",
			"integrity": "sha512-3l4E8uMPY1HdMMryPRUAl+oIHtXtyiTlIiESNSVSNxcPfzAFzeTbXFQkZfAwBbo0B1qMSG8nUABx+Gd+YrbKrQ==",
			"dev": true,
			"license": "MIT",
			"engines": {
				"node": ">=6"
			}
		},
		"node_modules/p-limit": {
			"version": "4.0.0",
			"resolved": "https://registry.npmjs.org/p-limit/-/p-limit-4.0.0.tgz",
			"integrity": "sha512-5b0R4txpzjPWVw/cXXUResoD4hb6U/x9BH08L7nw+GN1sezDzPdxeRvpc9c433fZhBan/wusjbCsqwqm4EIBIQ==",
			"dev": true,
			"license": "MIT",
			"dependencies": {
				"yocto-queue": "^1.0.0"
			},
			"engines": {
				"node": "^12.20.0 || ^14.13.1 || >=16.0.0"
			},
			"funding": {
				"url": "https://github.com/sponsors/sindresorhus"
			}
		},
		"node_modules/peek-readable": {
			"version": "5.3.1",
			"resolved": "https://registry.npmjs.org/peek-readable/-/peek-readable-5.3.1.tgz",
			"integrity": "sha512-GVlENSDW6KHaXcd9zkZltB7tCLosKB/4Hg0fqBJkAoBgYG2Tn1xtMgXtSUuMU9AK/gCm/tTdT8mgAeF4YNeeqw==",
			"dev": true,
			"license": "MIT",
			"engines": {
				"node": ">=14.16"
			},
			"funding": {
				"type": "github",
				"url": "https://github.com/sponsors/Borewit"
			}
		},
		"node_modules/readable-stream": {
			"version": "3.6.2",
			"resolved": "https://registry.npmjs.org/readable-stream/-/readable-stream-3.6.2.tgz",
			"integrity": "sha512-9u/sniCrY3D5WdsERHzHE4G2YCXqoG5FTHUiCC4SIbr6XcLZBY05ya9EKjYek9O5xOAwjGq+1JdGBAS7Q9ScoA==",
			"dev": true,
			"license": "MIT",
			"dependencies": {
				"inherits": "^2.0.3",
				"string_decoder": "^1.1.1",
				"util-deprecate": "^1.0.1"
			},
			"engines": {
				"node": ">= 6"
			}
		},
		"node_modules/readable-web-to-node-stream": {
			"version": "3.0.2",
			"resolved": "https://registry.npmjs.org/readable-web-to-node-stream/-/readable-web-to-node-stream-3.0.2.tgz",
			"integrity": "sha512-ePeK6cc1EcKLEhJFt/AebMCLL+GgSKhuygrZ/GLaKZYEecIgIECf4UaUuaByiGtzckwR4ain9VzUh95T1exYGw==",
			"dev": true,
			"license": "MIT",
			"dependencies": {
				"readable-stream": "^3.6.0"
			},
			"engines": {
				"node": ">=8"
			},
			"funding": {
				"type": "github",
				"url": "https://github.com/sponsors/Borewit"
			}
		},
		"node_modules/safe-buffer": {
			"version": "5.2.1",
			"resolved": "https://registry.npmjs.org/safe-buffer/-/safe-buffer-5.2.1.tgz",
			"integrity": "sha512-rp3So07KcdmmKbGvgaNxQSJr7bGVSVk5S9Eq1F+ppbRo70+YeaDxkw5Dd8NPN+GD6bjnYm2VuPuCXmpuYvmCXQ==",
			"dev": true,
			"funding": [
				{
					"type": "github",
					"url": "https://github.com/sponsors/feross"
				},
				{
					"type": "patreon",
					"url": "https://www.patreon.com/feross"
				},
				{
					"type": "consulting",
					"url": "https://feross.org/support"
				}
			],
			"license": "MIT"
		},
		"node_modules/string_decoder": {
			"version": "1.3.0",
			"resolved": "https://registry.npmjs.org/string_decoder/-/string_decoder-1.3.0.tgz",
			"integrity": "sha512-hkRX8U1WjJFd8LsDJ2yQ/wWWxaopEsABU1XfkM8A+j0+85JAGppt16cr1Whg6KIbb4okU6Mql6BOj+uup/wKeA==",
			"dev": true,
			"license": "MIT",
			"dependencies": {
				"safe-buffer": "~5.2.0"
			}
		},
		"node_modules/strtok3": {
			"version": "7.1.1",
			"resolved": "https://registry.npmjs.org/strtok3/-/strtok3-7.1.1.tgz",
			"integrity": "sha512-mKX8HA/cdBqMKUr0MMZAFssCkIGoZeSCMXgnt79yKxNFguMLVFgRe6wB+fsL0NmoHDbeyZXczy7vEPSoo3rkzg==",
			"dev": true,
			"license": "MIT",
			"dependencies": {
				"@tokenizer/token": "^0.3.0",
				"peek-readable": "^5.1.3"
			},
			"engines": {
				"node": ">=16"
			},
			"funding": {
				"type": "github",
				"url": "https://github.com/sponsors/Borewit"
			}
		},
		"node_modules/tar": {
			"version": "6.2.1",
			"resolved": "https://registry.npmjs.org/tar/-/tar-6.2.1.tgz",
			"integrity": "sha512-DZ4yORTwrbTj/7MZYq2w+/ZFdI6OZ/f9SFHR+71gIVUZhOQPHzVCLpvRnPgyaMpfWxxk/4ONva3GQSyNIKRv6A==",
			"dev": true,
			"license": "ISC",
			"dependencies": {
				"chownr": "^2.0.0",
				"fs-minipass": "^2.0.0",
				"minipass": "^5.0.0",
				"minizlib": "^2.1.1",
				"mkdirp": "^1.0.3",
				"yallist": "^4.0.0"
			},
			"engines": {
				"node": ">=10"
			}
		},
		"node_modules/token-types": {
			"version": "5.0.1",
			"resolved": "https://registry.npmjs.org/token-types/-/token-types-5.0.1.tgz",
			"integrity": "sha512-Y2fmSnZjQdDb9W4w4r1tswlMHylzWIeOKpx0aZH9BgGtACHhrk3OkT52AzwcuqTRBZtvvnTjDBh8eynMulu8Vg==",
			"dev": true,
			"license": "MIT",
			"dependencies": {
				"@tokenizer/token": "^0.3.0",
				"ieee754": "^1.2.1"
			},
			"engines": {
				"node": ">=14.16"
			},
			"funding": {
				"type": "github",
				"url": "https://github.com/sponsors/Borewit"
			}
		},
		"node_modules/ts-mixer": {
			"version": "6.0.4",
			"resolved": "https://registry.npmjs.org/ts-mixer/-/ts-mixer-6.0.4.tgz",
			"integrity": "sha512-ufKpbmrugz5Aou4wcr5Wc1UUFWOLhq+Fm6qa6P0w0K5Qw2yhaUoiWszhCVuNQyNwrlGiscHOmqYoAox1PtvgjA==",
			"dev": true,
			"license": "MIT"
		},
		"node_modules/tslib": {
			"version": "2.8.0",
			"resolved": "https://registry.npmjs.org/tslib/-/tslib-2.8.0.tgz",
			"integrity": "sha512-jWVzBLplnCmoaTr13V9dYbiQ99wvZRd0vNWaDRg+aVYRcjDF3nDksxFDE/+fkXnKhpnUUkmx5pK/v8mCtLVqZA==",
			"dev": true,
			"license": "0BSD"
		},
		"node_modules/typescript": {
			"version": "5.6.3",
			"resolved": "https://registry.npmjs.org/typescript/-/typescript-5.6.3.tgz",
			"integrity": "sha512-hjcS1mhfuyi4WW8IWtjP7brDrG2cuDZukyrYrSauoXGNgx0S7zceP07adYkJycEr56BOUTNPzbInooiN3fn1qw==",
			"dev": true,
			"license": "Apache-2.0",
			"bin": {
				"tsc": "bin/tsc",
				"tsserver": "bin/tsserver"
			},
			"engines": {
				"node": ">=14.17"
			}
		},
		"node_modules/undici": {
			"version": "5.28.4",
			"resolved": "https://registry.npmjs.org/undici/-/undici-5.28.4.tgz",
			"integrity": "sha512-72RFADWFqKmUb2hmmvNODKL3p9hcB6Gt2DOQMis1SEBaV6a4MH8soBvzg+95CYhCKPFedut2JY9bMfrDl9D23g==",
			"dev": true,
			"license": "MIT",
			"dependencies": {
				"@fastify/busboy": "^2.0.0"
			},
			"engines": {
				"node": ">=14.0"
			}
		},
		"node_modules/undici-types": {
			"version": "5.26.5",
			"resolved": "https://registry.npmjs.org/undici-types/-/undici-types-5.26.5.tgz",
			"integrity": "sha512-JlCMO+ehdEIKqlFxk6IfVoAUVmgz7cU7zD/h9XZ0qzeosSHmUJVOzSQvvYSYWXkFXC+IfLKSIffhv0sVZup6pA==",
			"dev": true,
			"license": "MIT"
		},
		"node_modules/util-deprecate": {
			"version": "1.0.2",
			"resolved": "https://registry.npmjs.org/util-deprecate/-/util-deprecate-1.0.2.tgz",
			"integrity": "sha512-EPD5q1uXyFxJpCrLnCc1nHnq3gOa6DZBocAIiI2TaSCA7VCJ1UJDMagCzIkXNsUYfD1daK//LTEQ8xiIbrHtcw==",
			"dev": true,
			"license": "MIT"
		},
		"node_modules/ws": {
			"version": "8.18.0",
			"resolved": "https://registry.npmjs.org/ws/-/ws-8.18.0.tgz",
			"integrity": "sha512-8VbfWfHLbbwu3+N6OKsOMpBdT4kXPDDB9cJk2bJ6mh9ucxdlnNvH1e+roYkKmN9Nxw2yjz7VzeO9oOz2zJ04Pw==",
			"dev": true,
			"license": "MIT",
			"engines": {
				"node": ">=10.0.0"
			},
			"peerDependencies": {
				"bufferutil": "^4.0.1",
				"utf-8-validate": ">=5.0.2"
			},
			"peerDependenciesMeta": {
				"bufferutil": {
					"optional": true
				},
				"utf-8-validate": {
					"optional": true
				}
			}
		},
		"node_modules/yallist": {
			"version": "4.0.0",
			"resolved": "https://registry.npmjs.org/yallist/-/yallist-4.0.0.tgz",
			"integrity": "sha512-3wdGidZyq5PB084XLES5TpOSRA3wjXAlIWMhum2kRcv/41Sn2emQ0dycQW4uZXLejwKvg6EsvbdlVL+FYEct7A==",
			"dev": true,
			"license": "ISC"
		},
		"node_modules/yocto-queue": {
			"version": "1.1.1",
			"resolved": "https://registry.npmjs.org/yocto-queue/-/yocto-queue-1.1.1.tgz",
			"integrity": "sha512-b4JR1PFR10y1mKjhHY9LaGo6tmrgjit7hxVIeAmyMw3jegXR4dhYqLaQF5zMXZxY7tLpMyJeLjr1C4rLmkVe8g==",
			"dev": true,
			"license": "MIT",
			"engines": {
				"node": ">=12.20"
			},
			"funding": {
				"url": "https://github.com/sponsors/sindresorhus"
			}
		}
	}
}
